// !$*UTF8*$!
{
	archiveVersion = 1;
	classes = {
	};
	objectVersion = 48;
	objects = {

/* Begin PBXBuildFile section */
		3840DB11203211070067C7EA /* AppDelegate.swift in Sources */ = {isa = PBXBuildFile; fileRef = 3840DB10203211070067C7EA /* AppDelegate.swift */; };
		3840DB16203211070067C7EA /* Main.storyboard in Resources */ = {isa = PBXBuildFile; fileRef = 3840DB14203211070067C7EA /* Main.storyboard */; };
		3840DB18203211070067C7EA /* Assets.xcassets in Resources */ = {isa = PBXBuildFile; fileRef = 3840DB17203211070067C7EA /* Assets.xcassets */; };
		3840DB1B203211070067C7EA /* LaunchScreen.storyboard in Resources */ = {isa = PBXBuildFile; fileRef = 3840DB19203211070067C7EA /* LaunchScreen.storyboard */; };
		386A20FA20437D2D00884310 /* SettingsTableViewController.swift in Sources */ = {isa = PBXBuildFile; fileRef = 386A20F920437D2D00884310 /* SettingsTableViewController.swift */; };
		386A20FC204386D200884310 /* SingleDeviceTableViewController.swift in Sources */ = {isa = PBXBuildFile; fileRef = 386A20FB204386D200884310 /* SingleDeviceTableViewController.swift */; };
		386D96FB203B53A800A264D1 /* Device.swift in Sources */ = {isa = PBXBuildFile; fileRef = 386D96FA203B53A800A264D1 /* Device.swift */; };
		386D96FD203B575600A264D1 /* Applications.swift in Sources */ = {isa = PBXBuildFile; fileRef = 386D96FC203B575600A264D1 /* Applications.swift */; };
		386D96FF203B596400A264D1 /* ResinAPIManager.swift in Sources */ = {isa = PBXBuildFile; fileRef = 386D96FE203B596400A264D1 /* ResinAPIManager.swift */; };
		386D9703203F4FE200A264D1 /* AlertControllers.swift in Sources */ = {isa = PBXBuildFile; fileRef = 386D9702203F4FE200A264D1 /* AlertControllers.swift */; };
		386D9706203F50C300A264D1 /* SplitViewController.swift in Sources */ = {isa = PBXBuildFile; fileRef = 386D9705203F50C300A264D1 /* SplitViewController.swift */; };
		386D970A203F548700A264D1 /* ApplicationTableViewController.swift in Sources */ = {isa = PBXBuildFile; fileRef = 386D9709203F548700A264D1 /* ApplicationTableViewController.swift */; };
		38DB420C204356C3006B17F6 /* DeviceCollectionViewCell.swift in Sources */ = {isa = PBXBuildFile; fileRef = 38DB420B204356C3006B17F6 /* DeviceCollectionViewCell.swift */; };
		38DB420E204356D6006B17F6 /* ApplicationCollectionReusableView.swift in Sources */ = {isa = PBXBuildFile; fileRef = 38DB420D204356D6006B17F6 /* ApplicationCollectionReusableView.swift */; };
		38DB4236204370C3006B17F6 /* ApplicationViewController.swift in Sources */ = {isa = PBXBuildFile; fileRef = 38DB4235204370C3006B17F6 /* ApplicationViewController.swift */; };
		38DB42382043754C006B17F6 /* DeviceTableViewController.swift in Sources */ = {isa = PBXBuildFile; fileRef = 38DB42372043754C006B17F6 /* DeviceTableViewController.swift */; };
		38DB423E204378C1006B17F6 /* Segues.swift in Sources */ = {isa = PBXBuildFile; fileRef = 38DB423D204378C1006B17F6 /* Segues.swift */; };
/* End PBXBuildFile section */

/* Begin PBXFileReference section */
		3840DB0D203211070067C7EA /* ResinDashboard.app */ = {isa = PBXFileReference; explicitFileType = wrapper.application; includeInIndex = 0; path = ResinDashboard.app; sourceTree = BUILT_PRODUCTS_DIR; };
		3840DB10203211070067C7EA /* AppDelegate.swift */ = {isa = PBXFileReference; lastKnownFileType = sourcecode.swift; path = AppDelegate.swift; sourceTree = "<group>"; };
		3840DB15203211070067C7EA /* Base */ = {isa = PBXFileReference; lastKnownFileType = file.storyboard; name = Base; path = Base.lproj/Main.storyboard; sourceTree = "<group>"; };
		3840DB17203211070067C7EA /* Assets.xcassets */ = {isa = PBXFileReference; lastKnownFileType = folder.assetcatalog; path = Assets.xcassets; sourceTree = "<group>"; };
		3840DB1A203211070067C7EA /* Base */ = {isa = PBXFileReference; lastKnownFileType = file.storyboard; name = Base; path = Base.lproj/LaunchScreen.storyboard; sourceTree = "<group>"; };
		3840DB1C203211070067C7EA /* Info.plist */ = {isa = PBXFileReference; lastKnownFileType = text.plist.xml; path = Info.plist; sourceTree = "<group>"; };
		386A20F920437D2D00884310 /* SettingsTableViewController.swift */ = {isa = PBXFileReference; lastKnownFileType = sourcecode.swift; path = SettingsTableViewController.swift; sourceTree = "<group>"; };
		386A20FB204386D200884310 /* SingleDeviceTableViewController.swift */ = {isa = PBXFileReference; lastKnownFileType = sourcecode.swift; path = SingleDeviceTableViewController.swift; sourceTree = "<group>"; };
		386D96FA203B53A800A264D1 /* Device.swift */ = {isa = PBXFileReference; lastKnownFileType = sourcecode.swift; path = Device.swift; sourceTree = "<group>"; };
		386D96FC203B575600A264D1 /* Applications.swift */ = {isa = PBXFileReference; lastKnownFileType = sourcecode.swift; path = Applications.swift; sourceTree = "<group>"; };
		386D96FE203B596400A264D1 /* ResinAPIManager.swift */ = {isa = PBXFileReference; lastKnownFileType = sourcecode.swift; name = ResinAPIManager.swift; path = ResinDashboard/Resin/ResinAPIManager.swift; sourceTree = SOURCE_ROOT; };
		386D9702203F4FE200A264D1 /* AlertControllers.swift */ = {isa = PBXFileReference; lastKnownFileType = sourcecode.swift; path = AlertControllers.swift; sourceTree = "<group>"; };
		386D9705203F50C300A264D1 /* SplitViewController.swift */ = {isa = PBXFileReference; lastKnownFileType = sourcecode.swift; path = SplitViewController.swift; sourceTree = "<group>"; };
		386D9709203F548700A264D1 /* ApplicationTableViewController.swift */ = {isa = PBXFileReference; lastKnownFileType = sourcecode.swift; path = ApplicationTableViewController.swift; sourceTree = "<group>"; };
		38DB420B204356C3006B17F6 /* DeviceCollectionViewCell.swift */ = {isa = PBXFileReference; lastKnownFileType = sourcecode.swift; path = DeviceCollectionViewCell.swift; sourceTree = "<group>"; };
		38DB420D204356D6006B17F6 /* ApplicationCollectionReusableView.swift */ = {isa = PBXFileReference; lastKnownFileType = sourcecode.swift; path = ApplicationCollectionReusableView.swift; sourceTree = "<group>"; };
		38DB4235204370C3006B17F6 /* ApplicationViewController.swift */ = {isa = PBXFileReference; lastKnownFileType = sourcecode.swift; path = ApplicationViewController.swift; sourceTree = "<group>"; };
		38DB42372043754C006B17F6 /* DeviceTableViewController.swift */ = {isa = PBXFileReference; lastKnownFileType = sourcecode.swift; path = DeviceTableViewController.swift; sourceTree = "<group>"; };
		38DB423D204378C1006B17F6 /* Segues.swift */ = {isa = PBXFileReference; lastKnownFileType = sourcecode.swift; path = Segues.swift; sourceTree = "<group>"; };
/* End PBXFileReference section */

/* Begin PBXFrameworksBuildPhase section */
		3840DB0A203211070067C7EA /* Frameworks */ = {
			isa = PBXFrameworksBuildPhase;
			buildActionMask = 2147483647;
			files = (
			);
			runOnlyForDeploymentPostprocessing = 0;
		};
/* End PBXFrameworksBuildPhase section */

/* Begin PBXGroup section */
		3840DB04203211060067C7EA = {
			isa = PBXGroup;
			children = (
				3840DB0F203211070067C7EA /* ResinDashboard */,
				3840DB0E203211070067C7EA /* Products */,
			);
			sourceTree = "<group>";
		};
		3840DB0E203211070067C7EA /* Products */ = {
			isa = PBXGroup;
			children = (
				3840DB0D203211070067C7EA /* ResinDashboard.app */,
			);
			name = Products;
			sourceTree = "<group>";
		};
		3840DB0F203211070067C7EA /* ResinDashboard */ = {
			isa = PBXGroup;
			children = (
				38DB423C204378B7006B17F6 /* Misc */,
				38DB420A20434F6B006B17F6 /* Cells */,
				386D9704203F509100A264D1 /* Controllers */,
				386D96F9203B539900A264D1 /* Models */,
				3840DB10203211070067C7EA /* AppDelegate.swift */,
				3840DB14203211070067C7EA /* Main.storyboard */,
				3840DB17203211070067C7EA /* Assets.xcassets */,
				3840DB19203211070067C7EA /* LaunchScreen.storyboard */,
				3840DB1C203211070067C7EA /* Info.plist */,
			);
			path = ResinDashboard;
			sourceTree = "<group>";
		};
		386D96F9203B539900A264D1 /* Models */ = {
			isa = PBXGroup;
			children = (
				386D96FA203B53A800A264D1 /* Device.swift */,
				386D96FC203B575600A264D1 /* Applications.swift */,
				386D96FE203B596400A264D1 /* ResinAPIManager.swift */,
			);
			path = Models;
			sourceTree = "<group>";
		};
		386D9704203F509100A264D1 /* Controllers */ = {
			isa = PBXGroup;
			children = (
				386D9702203F4FE200A264D1 /* AlertControllers.swift */,
				386D9705203F50C300A264D1 /* SplitViewController.swift */,
				386D9709203F548700A264D1 /* ApplicationTableViewController.swift */,
				38DB4235204370C3006B17F6 /* ApplicationViewController.swift */,
				38DB42372043754C006B17F6 /* DeviceTableViewController.swift */,
				386A20F920437D2D00884310 /* SettingsTableViewController.swift */,
				386A20FB204386D200884310 /* SingleDeviceTableViewController.swift */,
			);
			path = Controllers;
			sourceTree = "<group>";
		};
		38DB420A20434F6B006B17F6 /* Cells */ = {
			isa = PBXGroup;
			children = (
				38DB420B204356C3006B17F6 /* DeviceCollectionViewCell.swift */,
				38DB420D204356D6006B17F6 /* ApplicationCollectionReusableView.swift */,
			);
			path = Cells;
			sourceTree = "<group>";
		};
		38DB423C204378B7006B17F6 /* Misc */ = {
			isa = PBXGroup;
			children = (
				38DB423D204378C1006B17F6 /* Segues.swift */,
			);
			path = Misc;
			sourceTree = "<group>";
		};
/* End PBXGroup section */

/* Begin PBXNativeTarget section */
		3840DB0C203211070067C7EA /* ResinDashboard */ = {
			isa = PBXNativeTarget;
			buildConfigurationList = 3840DB1F203211070067C7EA /* Build configuration list for PBXNativeTarget "ResinDashboard" */;
			buildPhases = (
				3840DB09203211070067C7EA /* Sources */,
				3840DB0A203211070067C7EA /* Frameworks */,
				3840DB0B203211070067C7EA /* Resources */,
			);
			buildRules = (
			);
			dependencies = (
			);
			name = ResinDashboard;
			productName = ResinDashboard;
			productReference = 3840DB0D203211070067C7EA /* ResinDashboard.app */;
			productType = "com.apple.product-type.application";
		};
/* End PBXNativeTarget section */

/* Begin PBXProject section */
		3840DB05203211060067C7EA /* Project object */ = {
			isa = PBXProject;
			attributes = {
				LastSwiftUpdateCheck = 0920;
				LastUpgradeCheck = 0920;
				ORGANIZATIONNAME = "Alex Kerney";
				TargetAttributes = {
					3840DB0C203211070067C7EA = {
						CreatedOnToolsVersion = 9.2;
						ProvisioningStyle = Automatic;
					};
				};
			};
			buildConfigurationList = 3840DB08203211060067C7EA /* Build configuration list for PBXProject "ResinDashboard" */;
			compatibilityVersion = "Xcode 8.0";
			developmentRegion = en;
			hasScannedForEncodings = 0;
			knownRegions = (
				en,
				Base,
			);
			mainGroup = 3840DB04203211060067C7EA;
			productRefGroup = 3840DB0E203211070067C7EA /* Products */;
			projectDirPath = "";
			projectRoot = "";
			targets = (
				3840DB0C203211070067C7EA /* ResinDashboard */,
			);
		};
/* End PBXProject section */

/* Begin PBXResourcesBuildPhase section */
		3840DB0B203211070067C7EA /* Resources */ = {
			isa = PBXResourcesBuildPhase;
			buildActionMask = 2147483647;
			files = (
				3840DB1B203211070067C7EA /* LaunchScreen.storyboard in Resources */,
				3840DB18203211070067C7EA /* Assets.xcassets in Resources */,
				3840DB16203211070067C7EA /* Main.storyboard in Resources */,
			);
			runOnlyForDeploymentPostprocessing = 0;
		};
/* End PBXResourcesBuildPhase section */

/* Begin PBXSourcesBuildPhase section */
		3840DB09203211070067C7EA /* Sources */ = {
			isa = PBXSourcesBuildPhase;
			buildActionMask = 2147483647;
			files = (
				386D9703203F4FE200A264D1 /* AlertControllers.swift in Sources */,
				386A20FC204386D200884310 /* SingleDeviceTableViewController.swift in Sources */,
				386A20FA20437D2D00884310 /* SettingsTableViewController.swift in Sources */,
				386D970A203F548700A264D1 /* ApplicationTableViewController.swift in Sources */,
				38DB420E204356D6006B17F6 /* ApplicationCollectionReusableView.swift in Sources */,
				386D9706203F50C300A264D1 /* SplitViewController.swift in Sources */,
				386D96FD203B575600A264D1 /* Applications.swift in Sources */,
				38DB42382043754C006B17F6 /* DeviceTableViewController.swift in Sources */,
				38DB4236204370C3006B17F6 /* ApplicationViewController.swift in Sources */,
				38DB423E204378C1006B17F6 /* Segues.swift in Sources */,
				386D96FB203B53A800A264D1 /* Device.swift in Sources */,
				386D96FF203B596400A264D1 /* ResinAPIManager.swift in Sources */,
				3840DB11203211070067C7EA /* AppDelegate.swift in Sources */,
				38DB420C204356C3006B17F6 /* DeviceCollectionViewCell.swift in Sources */,
			);
			runOnlyForDeploymentPostprocessing = 0;
		};
/* End PBXSourcesBuildPhase section */

/* Begin PBXVariantGroup section */
		3840DB14203211070067C7EA /* Main.storyboard */ = {
			isa = PBXVariantGroup;
			children = (
				3840DB15203211070067C7EA /* Base */,
			);
			name = Main.storyboard;
			sourceTree = "<group>";
		};
		3840DB19203211070067C7EA /* LaunchScreen.storyboard */ = {
			isa = PBXVariantGroup;
			children = (
				3840DB1A203211070067C7EA /* Base */,
			);
			name = LaunchScreen.storyboard;
			sourceTree = "<group>";
		};
/* End PBXVariantGroup section */

/* Begin XCBuildConfiguration section */
		3840DB1D203211070067C7EA /* Debug */ = {
			isa = XCBuildConfiguration;
			buildSettings = {
				ALWAYS_SEARCH_USER_PATHS = NO;
				CLANG_ANALYZER_NONNULL = YES;
				CLANG_ANALYZER_NUMBER_OBJECT_CONVERSION = YES_AGGRESSIVE;
				CLANG_CXX_LANGUAGE_STANDARD = "gnu++14";
				CLANG_CXX_LIBRARY = "libc++";
				CLANG_ENABLE_MODULES = YES;
				CLANG_ENABLE_OBJC_ARC = YES;
				CLANG_WARN_BLOCK_CAPTURE_AUTORELEASING = YES;
				CLANG_WARN_BOOL_CONVERSION = YES;
				CLANG_WARN_COMMA = YES;
				CLANG_WARN_CONSTANT_CONVERSION = YES;
				CLANG_WARN_DIRECT_OBJC_ISA_USAGE = YES_ERROR;
				CLANG_WARN_DOCUMENTATION_COMMENTS = YES;
				CLANG_WARN_EMPTY_BODY = YES;
				CLANG_WARN_ENUM_CONVERSION = YES;
				CLANG_WARN_INFINITE_RECURSION = YES;
				CLANG_WARN_INT_CONVERSION = YES;
				CLANG_WARN_NON_LITERAL_NULL_CONVERSION = YES;
				CLANG_WARN_OBJC_LITERAL_CONVERSION = YES;
				CLANG_WARN_OBJC_ROOT_CLASS = YES_ERROR;
				CLANG_WARN_RANGE_LOOP_ANALYSIS = YES;
				CLANG_WARN_STRICT_PROTOTYPES = YES;
				CLANG_WARN_SUSPICIOUS_MOVE = YES;
				CLANG_WARN_UNGUARDED_AVAILABILITY = YES_AGGRESSIVE;
				CLANG_WARN_UNREACHABLE_CODE = YES;
				CLANG_WARN__DUPLICATE_METHOD_MATCH = YES;
				CODE_SIGN_IDENTITY = "iPhone Developer";
				COPY_PHASE_STRIP = NO;
				DEBUG_INFORMATION_FORMAT = dwarf;
				ENABLE_STRICT_OBJC_MSGSEND = YES;
				ENABLE_TESTABILITY = YES;
				GCC_C_LANGUAGE_STANDARD = gnu11;
				GCC_DYNAMIC_NO_PIC = NO;
				GCC_NO_COMMON_BLOCKS = YES;
				GCC_OPTIMIZATION_LEVEL = 0;
				GCC_PREPROCESSOR_DEFINITIONS = (
					"DEBUG=1",
					"$(inherited)",
				);
				GCC_WARN_64_TO_32_BIT_CONVERSION = YES;
				GCC_WARN_ABOUT_RETURN_TYPE = YES_ERROR;
				GCC_WARN_UNDECLARED_SELECTOR = YES;
				GCC_WARN_UNINITIALIZED_AUTOS = YES_AGGRESSIVE;
				GCC_WARN_UNUSED_FUNCTION = YES;
				GCC_WARN_UNUSED_VARIABLE = YES;
				IPHONEOS_DEPLOYMENT_TARGET = 11.2;
				MTL_ENABLE_DEBUG_INFO = YES;
				ONLY_ACTIVE_ARCH = YES;
				SDKROOT = iphoneos;
				SWIFT_ACTIVE_COMPILATION_CONDITIONS = DEBUG;
				SWIFT_OPTIMIZATION_LEVEL = "-Onone";
			};
			name = Debug;
		};
		3840DB1E203211070067C7EA /* Release */ = {
			isa = XCBuildConfiguration;
			buildSettings = {
				ALWAYS_SEARCH_USER_PATHS = NO;
				CLANG_ANALYZER_NONNULL = YES;
				CLANG_ANALYZER_NUMBER_OBJECT_CONVERSION = YES_AGGRESSIVE;
				CLANG_CXX_LANGUAGE_STANDARD = "gnu++14";
				CLANG_CXX_LIBRARY = "libc++";
				CLANG_ENABLE_MODULES = YES;
				CLANG_ENABLE_OBJC_ARC = YES;
				CLANG_WARN_BLOCK_CAPTURE_AUTORELEASING = YES;
				CLANG_WARN_BOOL_CONVERSION = YES;
				CLANG_WARN_COMMA = YES;
				CLANG_WARN_CONSTANT_CONVERSION = YES;
				CLANG_WARN_DIRECT_OBJC_ISA_USAGE = YES_ERROR;
				CLANG_WARN_DOCUMENTATION_COMMENTS = YES;
				CLANG_WARN_EMPTY_BODY = YES;
				CLANG_WARN_ENUM_CONVERSION = YES;
				CLANG_WARN_INFINITE_RECURSION = YES;
				CLANG_WARN_INT_CONVERSION = YES;
				CLANG_WARN_NON_LITERAL_NULL_CONVERSION = YES;
				CLANG_WARN_OBJC_LITERAL_CONVERSION = YES;
				CLANG_WARN_OBJC_ROOT_CLASS = YES_ERROR;
				CLANG_WARN_RANGE_LOOP_ANALYSIS = YES;
				CLANG_WARN_STRICT_PROTOTYPES = YES;
				CLANG_WARN_SUSPICIOUS_MOVE = YES;
				CLANG_WARN_UNGUARDED_AVAILABILITY = YES_AGGRESSIVE;
				CLANG_WARN_UNREACHABLE_CODE = YES;
				CLANG_WARN__DUPLICATE_METHOD_MATCH = YES;
				CODE_SIGN_IDENTITY = "iPhone Developer";
				COPY_PHASE_STRIP = NO;
				DEBUG_INFORMATION_FORMAT = "dwarf-with-dsym";
				ENABLE_NS_ASSERTIONS = NO;
				ENABLE_STRICT_OBJC_MSGSEND = YES;
				GCC_C_LANGUAGE_STANDARD = gnu11;
				GCC_NO_COMMON_BLOCKS = YES;
				GCC_WARN_64_TO_32_BIT_CONVERSION = YES;
				GCC_WARN_ABOUT_RETURN_TYPE = YES_ERROR;
				GCC_WARN_UNDECLARED_SELECTOR = YES;
				GCC_WARN_UNINITIALIZED_AUTOS = YES_AGGRESSIVE;
				GCC_WARN_UNUSED_FUNCTION = YES;
				GCC_WARN_UNUSED_VARIABLE = YES;
				IPHONEOS_DEPLOYMENT_TARGET = 11.2;
				MTL_ENABLE_DEBUG_INFO = NO;
				SDKROOT = iphoneos;
				SWIFT_OPTIMIZATION_LEVEL = "-Owholemodule";
				VALIDATE_PRODUCT = YES;
			};
			name = Release;
		};
		3840DB20203211070067C7EA /* Debug */ = {
			isa = XCBuildConfiguration;
			buildSettings = {
				ASSETCATALOG_COMPILER_APPICON_NAME = AppIcon;
				CODE_SIGN_STYLE = Automatic;
				DEVELOPMENT_TEAM = MFRS2M4RE6;
				INFOPLIST_FILE = ResinDashboard/Info.plist;
				LD_RUNPATH_SEARCH_PATHS = "$(inherited) @executable_path/Frameworks";
				PRODUCT_BUNDLE_IDENTIFIER = com.alexkerney.ResinDashboard;
				PRODUCT_NAME = "$(TARGET_NAME)";
				SWIFT_VERSION = 4.0;
				TARGETED_DEVICE_FAMILY = "1,2";
			};
			name = Debug;
		};
		3840DB21203211070067C7EA /* Release */ = {
			isa = XCBuildConfiguration;
			buildSettings = {
				ASSETCATALOG_COMPILER_APPICON_NAME = AppIcon;
				CODE_SIGN_STYLE = Automatic;
				DEVELOPMENT_TEAM = MFRS2M4RE6;
				INFOPLIST_FILE = ResinDashboard/Info.plist;
				LD_RUNPATH_SEARCH_PATHS = "$(inherited) @executable_path/Frameworks";
				PRODUCT_BUNDLE_IDENTIFIER = com.alexkerney.ResinDashboard;
				PRODUCT_NAME = "$(TARGET_NAME)";
				SWIFT_VERSION = 4.0;
				TARGETED_DEVICE_FAMILY = "1,2";
			};
			name = Release;
		};
/* End XCBuildConfiguration section */

/* Begin XCConfigurationList section */
		3840DB08203211060067C7EA /* Build configuration list for PBXProject "ResinDashboard" */ = {
			isa = XCConfigurationList;
			buildConfigurations = (
				3840DB1D203211070067C7EA /* Debug */,
				3840DB1E203211070067C7EA /* Release */,
			);
			defaultConfigurationIsVisible = 0;
			defaultConfigurationName = Release;
		};
		3840DB1F203211070067C7EA /* Build configuration list for PBXNativeTarget "ResinDashboard" */ = {
			isa = XCConfigurationList;
			buildConfigurations = (
				3840DB20203211070067C7EA /* Debug */,
				3840DB21203211070067C7EA /* Release */,
			);
			defaultConfigurationIsVisible = 0;
			defaultConfigurationName = Release;
		};
/* End XCConfigurationList section */
	};
	rootObject = 3840DB05203211060067C7EA /* Project object */;
}
